apiVersion: vendir.k14s.io/v1alpha1
directories:
- contents:
  - githubRelease:
      tag: v1.33.0+k3s1
      url: https://api.github.com/repos/k3s-io/k3s/releases/217421072
    path: k3s-io/k3s
  - githubRelease:
      tag: v3.5.21
      url: https://api.github.com/repos/etcd-io/etcd/releases/208822190
    path: etcd-io/etcd
  path: src/github.com
kind: LockConfig
