apiVersion: vendir.k14s.io/v1alpha1
directories:
- contents:
  - githubRelease:
      tag: v1.24.17
      url: https://api.github.com/repos/kubernetes/kubernetes/releases/118493643
    path: kubernetes/kubectl
  - githubRelease:
      tag: v1.24.17+k3s1
      url: https://api.github.com/repos/k3s-io/k3s/releases/120011717
    path: k3s-io/k3s
  path: src/github.com
kind: LockConfig
